<?xml version="1.0" encoding="UTF-8" standalone="yes" ?>
<CodeBlocks_project_file>
	<FileVersion major="1" minor="6" />
	<Project>
		<Option title="CppObjetDemo" />
		<Option pch_mode="2" />
		<Option compiler="gcc" />
		<Build>
			<Target title="Debug">
				<Option output="bin/Debug/CppObjetDemo" prefix_auto="1" extension_auto="1" />
				<Option object_output="obj/Debug/" />
				<Option type="1" />
				<Option compiler="gcc" />
				<Compiler>
					<Add option="-g" />
					<Add directory="./" />
					<Add directory="include" />
				</Compiler>
				<Linker>
					<Add library="C:\Dev\MinGW\msys\1.0\home\Ben\libtcod\lib\libtcod-mingw-debug.a" />
				</Linker>
			</Target>
			<Target title="Release">
				<Option output="bin/Release/CppObjetDemo" prefix_auto="1" extension_auto="1" />
				<Option object_output="obj/Release/" />
				<Option type="1" />
				<Option compiler="gcc" />
				<Compiler>
					<Add option="-O2" />
					<Add directory="include" />
				</Compiler>
				<Linker>
					<Add option="-s" />
					<Add library="C:\Dev\MinGW\msys\1.0\home\Ben\libtcod\lib\libtcod-mingw.a" />
				</Linker>
			</Target>
		</Build>
		<Compiler>
			<Add option="-Wall" />
			<Add option="-fexceptions" />
			<Add directory="C:/Dev/MinGW/msys/1.0/home/Ben/libtcod/include" />
			<Add directory="include" />
		</Compiler>
		<Unit filename="include/Arme.h" />
		<Unit filename="include/BspListener.h" />
		<Unit filename="include/Coffre.h" />
		<Unit filename="include/Engine.h" />
		<Unit filename="include/Guerrier.h" />
		<Unit filename="include/Mage.h" />
		<Unit filename="include/Map.h" />
		<Unit filename="include/Objet.h" />
		<Unit filename="include/Personnage.h" />
		<Unit filename="include/Potion.h" />
		<Unit filename="include/Unit.h" />
		<Unit filename="main.cpp" />
		<Unit filename="src/Arme.cpp" />
		<Unit filename="src/BspListener.cpp" />
		<Unit filename="src/Coffre.cpp" />
		<Unit filename="src/Engine.cpp" />
		<Unit filename="src/Guerrier.cpp" />
		<Unit filename="src/Mage.cpp" />
		<Unit filename="src/Map.cpp" />
		<Unit filename="src/Objet.cpp" />
		<Unit filename="src/Personnage.cpp" />
		<Unit filename="src/Potion.cpp" />
		<Unit filename="src/Unit.cpp" />
		<Extensions>
			<code_completion />
			<envvars />
			<debugger />
			<lib_finder disable_auto="1" />
		</Extensions>
	</Project>
</CodeBlocks_project_file>
